// !$*UTF8*$!
{
	archiveVersion = 1;
	classes = {
	};
	objectVersion = 46;
	objects = {

/* Begin PBXBuildFile section */
		ABF319061EEDA4DE007A9BE3 /* AppDelegate.swift in Sources */ = {isa = PBXBuildFile; fileRef = ABF319051EEDA4DE007A9BE3 /* AppDelegate.swift */; };
		ABF319081EEDA4DE007A9BE3 /* ViewController.swift in Sources */ = {isa = PBXBuildFile; fileRef = ABF319071EEDA4DE007A9BE3 /* ViewController.swift */; };
		ABF3190B1EEDA4DE007A9BE3 /* Main.storyboard in Resources */ = {isa = PBXBuildFile; fileRef = ABF319091EEDA4DE007A9BE3 /* Main.storyboard */; };
		ABF3190D1EEDA4DE007A9BE3 /* Assets.xcassets in Resources */ = {isa = PBXBuildFile; fileRef = ABF3190C1EEDA4DE007A9BE3 /* Assets.xcassets */; };
		ABF319101EEDA4DE007A9BE3 /* LaunchScreen.storyboard in Resources */ = {isa = PBXBuildFile; fileRef = ABF3190E1EEDA4DE007A9BE3 /* LaunchScreen.storyboard */; };
		ABF3191B1EEDA4DE007A9BE3 /* WiproTaskTests.swift in Sources */ = {isa = PBXBuildFile; fileRef = ABF3191A1EEDA4DE007A9BE3 /* WiproTaskTests.swift */; };
/* End PBXBuildFile section */

/* Begin PBXContainerItemProxy section */
		ABF319171EEDA4DE007A9BE3 /* PBXContainerItemProxy */ = {
			isa = PBXContainerItemProxy;
			containerPortal = ABF318FA1EEDA4DE007A9BE3 /* Project object */;
			proxyType = 1;
			remoteGlobalIDString = ABF319011EEDA4DE007A9BE3;
			remoteInfo = WiproTask;
		};
/* End PBXContainerItemProxy section */

/* Begin PBXFileReference section */
		ABF319021EEDA4DE007A9BE3 /* WiproTask.app */ = {isa = PBXFileReference; explicitFileType = wrapper.application; includeInIndex = 0; path = WiproTask.app; sourceTree = BUILT_PRODUCTS_DIR; };
		ABF319051EEDA4DE007A9BE3 /* AppDelegate.swift */ = {isa = PBXFileReference; lastKnownFileType = sourcecode.swift; path = AppDelegate.swift; sourceTree = "<group>"; };
		ABF319071EEDA4DE007A9BE3 /* ViewController.swift */ = {isa = PBXFileReference; lastKnownFileType = sourcecode.swift; path = ViewController.swift; sourceTree = "<group>"; };
		ABF3190A1EEDA4DE007A9BE3 /* Base */ = {isa = PBXFileReference; lastKnownFileType = file.storyboard; name = Base; path = Base.lproj/Main.storyboard; sourceTree = "<group>"; };
		ABF3190C1EEDA4DE007A9BE3 /* Assets.xcassets */ = {isa = PBXFileReference; lastKnownFileType = folder.assetcatalog; path = Assets.xcassets; sourceTree = "<group>"; };
		ABF3190F1EEDA4DE007A9BE3 /* Base */ = {isa = PBXFileReference; lastKnownFileType = file.storyboard; name = Base; path = Base.lproj/LaunchScreen.storyboard; sourceTree = "<group>"; };
		ABF319111EEDA4DE007A9BE3 /* Info.plist */ = {isa = PBXFileReference; lastKnownFileType = text.plist.xml; path = Info.plist; sourceTree = "<group>"; };
		ABF319161EEDA4DE007A9BE3 /* WiproTaskTests.xctest */ = {isa = PBXFileReference; explicitFileType = wrapper.cfbundle; includeInIndex = 0; path = WiproTaskTests.xctest; sourceTree = BUILT_PRODUCTS_DIR; };
		ABF3191A1EEDA4DE007A9BE3 /* WiproTaskTests.swift */ = {isa = PBXFileReference; lastKnownFileType = sourcecode.swift; path = WiproTaskTests.swift; sourceTree = "<group>"; };
		ABF3191C1EEDA4DE007A9BE3 /* Info.plist */ = {isa = PBXFileReference; lastKnownFileType = text.plist.xml; path = Info.plist; sourceTree = "<group>"; };
/* End PBXFileReference section */

/* Begin PBXFrameworksBuildPhase section */
		ABF318FF1EEDA4DE007A9BE3 /* Frameworks */ = {
			isa = PBXFrameworksBuildPhase;
			buildActionMask = 2147483647;
			files = (
			);
			runOnlyForDeploymentPostprocessing = 0;
		};
		ABF319131EEDA4DE007A9BE3 /* Frameworks */ = {
			isa = PBXFrameworksBuildPhase;
			buildActionMask = 2147483647;
			files = (
			);
			runOnlyForDeploymentPostprocessing = 0;
		};
/* End PBXFrameworksBuildPhase section */

/* Begin PBXGroup section */
		ABF318F91EEDA4DE007A9BE3 = {
			isa = PBXGroup;
			children = (
				ABF319041EEDA4DE007A9BE3 /* WiproTask */,
				ABF319191EEDA4DE007A9BE3 /* WiproTaskTests */,
				ABF319031EEDA4DE007A9BE3 /* Products */,
			);
			sourceTree = "<group>";
		};
		ABF319031EEDA4DE007A9BE3 /* Products */ = {
			isa = PBXGroup;
			children = (
				ABF319021EEDA4DE007A9BE3 /* WiproTask.app */,
				ABF319161EEDA4DE007A9BE3 /* WiproTaskTests.xctest */,
			);
			name = Products;
			sourceTree = "<group>";
		};
		ABF319041EEDA4DE007A9BE3 /* WiproTask */ = {
			isa = PBXGroup;
			children = (
				ABF319051EEDA4DE007A9BE3 /* AppDelegate.swift */,
				ABF319071EEDA4DE007A9BE3 /* ViewController.swift */,
				ABF319091EEDA4DE007A9BE3 /* Main.storyboard */,
				ABF3190C1EEDA4DE007A9BE3 /* Assets.xcassets */,
				ABF3190E1EEDA4DE007A9BE3 /* LaunchScreen.storyboard */,
				ABF319111EEDA4DE007A9BE3 /* Info.plist */,
			);
			path = WiproTask;
			sourceTree = "<group>";
		};
		ABF319191EEDA4DE007A9BE3 /* WiproTaskTests */ = {
			isa = PBXGroup;
			children = (
				ABF3191A1EEDA4DE007A9BE3 /* WiproTaskTests.swift */,
				ABF3191C1EEDA4DE007A9BE3 /* Info.plist */,
			);
			path = WiproTaskTests;
			sourceTree = "<group>";
		};
/* End PBXGroup section */

/* Begin PBXNativeTarget section */
		ABF319011EEDA4DE007A9BE3 /* WiproTask */ = {
			isa = PBXNativeTarget;
			buildConfigurationList = ABF3191F1EEDA4DE007A9BE3 /* Build configuration list for PBXNativeTarget "WiproTask" */;
			buildPhases = (
				ABF318FE1EEDA4DE007A9BE3 /* Sources */,
				ABF318FF1EEDA4DE007A9BE3 /* Frameworks */,
				ABF319001EEDA4DE007A9BE3 /* Resources */,
			);
			buildRules = (
			);
			dependencies = (
			);
			name = WiproTask;
			productName = WiproTask;
			productReference = ABF319021EEDA4DE007A9BE3 /* WiproTask.app */;
			productType = "com.apple.product-type.application";
		};
		ABF319151EEDA4DE007A9BE3 /* WiproTaskTests */ = {
			isa = PBXNativeTarget;
			buildConfigurationList = ABF319221EEDA4DE007A9BE3 /* Build configuration list for PBXNativeTarget "WiproTaskTests" */;
			buildPhases = (
				ABF319121EEDA4DE007A9BE3 /* Sources */,
				ABF319131EEDA4DE007A9BE3 /* Frameworks */,
				ABF319141EEDA4DE007A9BE3 /* Resources */,
			);
			buildRules = (
			);
			dependencies = (
				ABF319181EEDA4DE007A9BE3 /* PBXTargetDependency */,
			);
			name = WiproTaskTests;
			productName = WiproTaskTests;
			productReference = ABF319161EEDA4DE007A9BE3 /* WiproTaskTests.xctest */;
			productType = "com.apple.product-type.bundle.unit-test";
		};
/* End PBXNativeTarget section */

/* Begin PBXProject section */
		ABF318FA1EEDA4DE007A9BE3 /* Project object */ = {
			isa = PBXProject;
			attributes = {
				LastSwiftUpdateCheck = 0830;
				LastUpgradeCheck = 0830;
				ORGANIZATIONNAME = "4rm and function limited";
				TargetAttributes = {
					ABF319011EEDA4DE007A9BE3 = {
						CreatedOnToolsVersion = 8.3.3;
						DevelopmentTeam = 5R4ZV6JWGB;
						ProvisioningStyle = Automatic;
					};
					ABF319151EEDA4DE007A9BE3 = {
						CreatedOnToolsVersion = 8.3.3;
						DevelopmentTeam = 5R4ZV6JWGB;
						ProvisioningStyle = Automatic;
						TestTargetID = ABF319011EEDA4DE007A9BE3;
					};
				};
			};
			buildConfigurationList = ABF318FD1EEDA4DE007A9BE3 /* Build configuration list for PBXProject "WiproTask" */;
			compatibilityVersion = "Xcode 3.2";
			developmentRegion = English;
			hasScannedForEncodings = 0;
			knownRegions = (
				en,
				Base,
			);
			mainGroup = ABF318F91EEDA4DE007A9BE3;
			productRefGroup = ABF319031EEDA4DE007A9BE3 /* Products */;
			projectDirPath = "";
			projectRoot = "";
			targets = (
				ABF319011EEDA4DE007A9BE3 /* WiproTask */,
				ABF319151EEDA4DE007A9BE3 /* WiproTaskTests */,
			);
		};
/* End PBXProject section */

/* Begin PBXResourcesBuildPhase section */
		ABF319001EEDA4DE007A9BE3 /* Resources */ = {
			isa = PBXResourcesBuildPhase;
			buildActionMask = 2147483647;
			files = (
				ABF319101EEDA4DE007A9BE3 /* LaunchScreen.storyboard in Resources */,
				ABF3190D1EEDA4DE007A9BE3 /* Assets.xcassets in Resources */,
				ABF3190B1EEDA4DE007A9BE3 /* Main.storyboard in Resources */,
			);
			runOnlyForDeploymentPostprocessing = 0;
		};
		ABF319141EEDA4DE007A9BE3 /* Resources */ = {
			isa = PBXResourcesBuildPhase;
			buildActionMask = 2147483647;
			files = (
			);
			runOnlyForDeploymentPostprocessing = 0;
		};
/* End PBXResourcesBuildPhase section */

/* Begin PBXSourcesBuildPhase section */
		ABF318FE1EEDA4DE007A9BE3 /* Sources */ = {
			isa = PBXSourcesBuildPhase;
			buildActionMask = 2147483647;
			files = (
				ABF319081EEDA4DE007A9BE3 /* ViewController.swift in Sources */,
				ABF319061EEDA4DE007A9BE3 /* AppDelegate.swift in Sources */,
			);
			runOnlyForDeploymentPostprocessing = 0;
		};
		ABF319121EEDA4DE007A9BE3 /* Sources */ = {
			isa = PBXSourcesBuildPhase;
			buildActionMask = 2147483647;
			files = (
				ABF3191B1EEDA4DE007A9BE3 /* WiproTaskTests.swift in Sources */,
			);
			runOnlyForDeploymentPostprocessing = 0;
		};
/* End PBXSourcesBuildPhase section */

/* Begin PBXTargetDependency section */
		ABF319181EEDA4DE007A9BE3 /* PBXTargetDependency */ = {
			isa = PBXTargetDependency;
			target = ABF319011EEDA4DE007A9BE3 /* WiproTask */;
			targetProxy = ABF319171EEDA4DE007A9BE3 /* PBXContainerItemProxy */;
		};
/* End PBXTargetDependency section */

/* Begin PBXVariantGroup section */
		ABF319091EEDA4DE007A9BE3 /* Main.storyboard */ = {
			isa = PBXVariantGroup;
			children = (
				ABF3190A1EEDA4DE007A9BE3 /* Base */,
			);
			name = Main.storyboard;
			sourceTree = "<group>";
		};
		ABF3190E1EEDA4DE007A9BE3 /* LaunchScreen.storyboard */ = {
			isa = PBXVariantGroup;
			children = (
				ABF3190F1EEDA4DE007A9BE3 /* Base */,
			);
			name = LaunchScreen.storyboard;
			sourceTree = "<group>";
		};
/* End PBXVariantGroup section */

/* Begin XCBuildConfiguration section */
		ABF3191D1EEDA4DE007A9BE3 /* Debug */ = {
			isa = XCBuildConfiguration;
			buildSettings = {
				ALWAYS_SEARCH_USER_PATHS = NO;
				CLANG_ANALYZER_NONNULL = YES;
				CLANG_ANALYZER_NUMBER_OBJECT_CONVERSION = YES_AGGRESSIVE;
				CLANG_CXX_LANGUAGE_STANDARD = "gnu++0x";
				CLANG_CXX_LIBRARY = "libc++";
				CLANG_ENABLE_MODULES = YES;
				CLANG_ENABLE_OBJC_ARC = YES;
				CLANG_WARN_BOOL_CONVERSION = YES;
				CLANG_WARN_CONSTANT_CONVERSION = YES;
				CLANG_WARN_DIRECT_OBJC_ISA_USAGE = YES_ERROR;
				CLANG_WARN_DOCUMENTATION_COMMENTS = YES;
				CLANG_WARN_EMPTY_BODY = YES;
				CLANG_WARN_ENUM_CONVERSION = YES;
				CLANG_WARN_INFINITE_RECURSION = YES;
				CLANG_WARN_INT_CONVERSION = YES;
				CLANG_WARN_OBJC_ROOT_CLASS = YES_ERROR;
				CLANG_WARN_SUSPICIOUS_MOVE = YES;
				CLANG_WARN_UNREACHABLE_CODE = YES;
				CLANG_WARN__DUPLICATE_METHOD_MATCH = YES;
				"CODE_SIGN_IDENTITY[sdk=iphoneos*]" = "iPhone Developer";
				COPY_PHASE_STRIP = NO;
				DEBUG_INFORMATION_FORMAT = dwarf;
				ENABLE_STRICT_OBJC_MSGSEND = YES;
				ENABLE_TESTABILITY = YES;
				GCC_C_LANGUAGE_STANDARD = gnu99;
				GCC_DYNAMIC_NO_PIC = NO;
				GCC_NO_COMMON_BLOCKS = YES;
				GCC_OPTIMIZATION_LEVEL = 0;
				GCC_PREPROCESSOR_DEFINITIONS = (
					"DEBUG=1",
					"$(inherited)",
				);
				GCC_WARN_64_TO_32_BIT_CONVERSION = YES;
				GCC_WARN_ABOUT_RETURN_TYPE = YES_ERROR;
				GCC_WARN_UNDECLARED_SELECTOR = YES;
				GCC_WARN_UNINITIALIZED_AUTOS = YES_AGGRESSIVE;
				GCC_WARN_UNUSED_FUNCTION = YES;
				GCC_WARN_UNUSED_VARIABLE = YES;
				IPHONEOS_DEPLOYMENT_TARGET = 10.3;
				MTL_ENABLE_DEBUG_INFO = YES;
				ONLY_ACTIVE_ARCH = YES;
				SDKROOT = iphoneos;
				SWIFT_ACTIVE_COMPILATION_CONDITIONS = DEBUG;
				SWIFT_OPTIMIZATION_LEVEL = "-Onone";
			};
			name = Debug;
		};
		ABF3191E1EEDA4DE007A9BE3 /* Release */ = {
			isa = XCBuildConfiguration;
			buildSettings = {
				ALWAYS_SEARCH_USER_PATHS = NO;
				CLANG_ANALYZER_NONNULL = YES;
				CLANG_ANALYZER_NUMBER_OBJECT_CONVERSION = YES_AGGRESSIVE;
				CLANG_CXX_LANGUAGE_STANDARD = "gnu++0x";
				CLANG_CXX_LIBRARY = "libc++";
				CLANG_ENABLE_MODULES = YES;
				CLANG_ENABLE_OBJC_ARC = YES;
				CLANG_WARN_BOOL_CONVERSION = YES;
				CLANG_WARN_CONSTANT_CONVERSION = YES;
				CLANG_WARN_DIRECT_OBJC_ISA_USAGE = YES_ERROR;
				CLANG_WARN_DOCUMENTATION_COMMENTS = YES;
				CLANG_WARN_EMPTY_BODY = YES;
				CLANG_WARN_ENUM_CONVERSION = YES;
				CLANG_WARN_INFINITE_RECURSION = YES;
				CLANG_WARN_INT_CONVERSION = YES;
				CLANG_WARN_OBJC_ROOT_CLASS = YES_ERROR;
				CLANG_WARN_SUSPICIOUS_MOVE = YES;
				CLANG_WARN_UNREACHABLE_CODE = YES;
				CLANG_WARN__DUPLICATE_METHOD_MATCH = YES;
				"CODE_SIGN_IDENTITY[sdk=iphoneos*]" = "iPhone Developer";
				COPY_PHASE_STRIP = NO;
				DEBUG_INFORMATION_FORMAT = "dwarf-with-dsym";
				ENABLE_NS_ASSERTIONS = NO;
				ENABLE_STRICT_OBJC_MSGSEND = YES;
				GCC_C_LANGUAGE_STANDARD = gnu99;
				GCC_NO_COMMON_BLOCKS = YES;
				GCC_WARN_64_TO_32_BIT_CONVERSION = YES;
				GCC_WARN_ABOUT_RETURN_TYPE = YES_ERROR;
				GCC_WARN_UNDECLARED_SELECTOR = YES;
				GCC_WARN_UNINITIALIZED_AUTOS = YES_AGGRESSIVE;
				GCC_WARN_UNUSED_FUNCTION = YES;
				GCC_WARN_UNUSED_VARIABLE = YES;
				IPHONEOS_DEPLOYMENT_TARGET = 10.3;
				MTL_ENABLE_DEBUG_INFO = NO;
				SDKROOT = iphoneos;
				SWIFT_OPTIMIZATION_LEVEL = "-Owholemodule";
				VALIDATE_PRODUCT = YES;
			};
			name = Release;
		};
		ABF319201EEDA4DE007A9BE3 /* Debug */ = {
			isa = XCBuildConfiguration;
			buildSettings = {
				ASSETCATALOG_COMPILER_APPICON_NAME = AppIcon;
				DEVELOPMENT_TEAM = 5R4ZV6JWGB;
				INFOPLIST_FILE = WiproTask/Info.plist;
				LD_RUNPATH_SEARCH_PATHS = "$(inherited) @executable_path/Frameworks";
				PRODUCT_BUNDLE_IDENTIFIER = uk.co.jonathan.saville.WiproTask;
				PRODUCT_NAME = "$(TARGET_NAME)";
				SWIFT_VERSION = 3.0;
			};
			name = Debug;
		};
		ABF319211EEDA4DE007A9BE3 /* Release */ = {
			isa = XCBuildConfiguration;
			buildSettings = {
				ASSETCATALOG_COMPILER_APPICON_NAME = AppIcon;
				DEVELOPMENT_TEAM = 5R4ZV6JWGB;
				INFOPLIST_FILE = WiproTask/Info.plist;
				LD_RUNPATH_SEARCH_PATHS = "$(inherited) @executable_path/Frameworks";
				PRODUCT_BUNDLE_IDENTIFIER = uk.co.jonathan.saville.WiproTask;
				PRODUCT_NAME = "$(TARGET_NAME)";
				SWIFT_VERSION = 3.0;
			};
			name = Release;
		};
		ABF319231EEDA4DE007A9BE3 /* Debug */ = {
			isa = XCBuildConfiguration;
			buildSettings = {
				ALWAYS_EMBED_SWIFT_STANDARD_LIBRARIES = YES;
				BUNDLE_LOADER = "$(TEST_HOST)";
				DEVELOPMENT_TEAM = 5R4ZV6JWGB;
				INFOPLIST_FILE = WiproTaskTests/Info.plist;
				LD_RUNPATH_SEARCH_PATHS = "$(inherited) @executable_path/Frameworks @loader_path/Frameworks";
				PRODUCT_BUNDLE_IDENTIFIER = uk.co.jonathan.saville.WiproTaskTests;
				PRODUCT_NAME = "$(TARGET_NAME)";
				SWIFT_VERSION = 3.0;
				TEST_HOST = "$(BUILT_PRODUCTS_DIR)/WiproTask.app/WiproTask";
			};
			name = Debug;
		};
		ABF319241EEDA4DE007A9BE3 /* Release */ = {
			isa = XCBuildConfiguration;
			buildSettings = {
				ALWAYS_EMBED_SWIFT_STANDARD_LIBRARIES = YES;
				BUNDLE_LOADER = "$(TEST_HOST)";
				DEVELOPMENT_TEAM = 5R4ZV6JWGB;
				INFOPLIST_FILE = WiproTaskTests/Info.plist;
				LD_RUNPATH_SEARCH_PATHS = "$(inherited) @executable_path/Frameworks @loader_path/Frameworks";
				PRODUCT_BUNDLE_IDENTIFIER = uk.co.jonathan.saville.WiproTaskTests;
				PRODUCT_NAME = "$(TARGET_NAME)";
				SWIFT_VERSION = 3.0;
				TEST_HOST = "$(BUILT_PRODUCTS_DIR)/WiproTask.app/WiproTask";
			};
			name = Release;
		};
/* End XCBuildConfiguration section */

/* Begin XCConfigurationList section */
		ABF318FD1EEDA4DE007A9BE3 /* Build configuration list for PBXProject "WiproTask" */ = {
			isa = XCConfigurationList;
			buildConfigurations = (
				ABF3191D1EEDA4DE007A9BE3 /* Debug */,
				ABF3191E1EEDA4DE007A9BE3 /* Release */,
			);
			defaultConfigurationIsVisible = 0;
			defaultConfigurationName = Release;
		};
		ABF3191F1EEDA4DE007A9BE3 /* Build configuration list for PBXNativeTarget "WiproTask" */ = {
			isa = XCConfigurationList;
			buildConfigurations = (
				ABF319201EEDA4DE007A9BE3 /* Debug */,
				ABF319211EEDA4DE007A9BE3 /* Release */,
			);
			defaultConfigurationIsVisible = 0;
		};
		ABF319221EEDA4DE007A9BE3 /* Build configuration list for PBXNativeTarget "WiproTaskTests" */ = {
			isa = XCConfigurationList;
			buildConfigurations = (
				ABF319231EEDA4DE007A9BE3 /* Debug */,
				ABF319241EEDA4DE007A9BE3 /* Release */,
			);
			defaultConfigurationIsVisible = 0;
		};
/* End XCConfigurationList section */
	};
	rootObject = ABF318FA1EEDA4DE007A9BE3 /* Project object */;
}
